
Microsoft Visual Studio Solution File, Format Version 12.00
# Visual Studio 2013
VisualStudioVersion = 12.0.21005.1
MinimumVisualStudioVersion = 10.0.40219.1
Project("{FAE04EC0-301F-11D3-BF4B-00C04F79EFBC}") = "Timer_CS", "Timer_CS\Timer_CS.csproj", "{C68AAE60-A7C3-41C2-8D29-C03725FC1B4D}"
EndProject
Project("{FAE04EC0-301F-11D3-BF4B-00C04F79EFBC}") = "MyTimer", "MyTimer\MyTimer.csproj", "{B944FCE0-BE33-4A69-925A-6A6FF9E9E658}"
EndProject
Global
	GlobalSection(SolutionConfigurationPlatforms) = preSolution
		Debug|Any CPU = Debug|Any CPU
		Release|Any CPU = Release|Any CPU
	EndGlobalSection
	GlobalSection(ProjectConfigurationPlatforms) = postSolution
		{C68AAE60-A7C3-41C2-8D29-C03725FC1B4D}.Debug|Any CPU.ActiveCfg = Debug|Any CPU
		{C68AAE60-A7C3-41C2-8D29-C03725FC1B4D}.Debug|Any CPU.Build.0 = Debug|Any CPU
		{C68AAE60-A7C3-41C2-8D29-C03725FC1B4D}.Release|Any CPU.ActiveCfg = Release|Any CPU
		{C68AAE60-A7C3-41C2-8D29-C03725FC1B4D}.Release|Any CPU.Build.0 = Release|Any CPU
		{B944FCE0-BE33-4A69-925A-6A6FF9E9E658}.Debug|Any CPU.ActiveCfg = Debug|Any CPU
		{B944FCE0-BE33-4A69-925A-6A6FF9E9E658}.Debug|Any CPU.Build.0 = Debug|Any CPU
		{B944FCE0-BE33-4A69-925A-6A6FF9E9E658}.Release|Any CPU.ActiveCfg = Release|Any CPU
		{B944FCE0-BE33-4A69-925A-6A6FF9E9E658}.Release|Any CPU.Build.0 = Release|Any CPU
	EndGlobalSection
	GlobalSection(SolutionProperties) = preSolution
		HideSolutionNode = FALSE
	EndGlobalSection
EndGlobal
